id: stage.period_close.balance_finalization_and_gl_position_lock
name: Balance Finalization and GL Position Lock
process_id: proc.ledger_period_close
description: >
  Finalize balances and lock GL positions for the closing period,
  preventing further postings without authorized reopen.
order: 5
system_ids: []
risk_ids: []
control_ids: []
source_refs: []
status: stub
